
Microsoft Visual Studio Solution File, Format Version 12.00
# Visual Studio Version 16
VisualStudioVersion = 16.0.31702.278
MinimumVisualStudioVersion = 10.0.40219.1
Project("{8BC9CEB8-8B4A-11D0-8D11-00A0C91BC942}") = "Gasket3d-recursive", "Gasket3d-recursive\Gasket3d-recursive.vcxproj", "{D229A3C9-6E0C-41AE-9BDC-A6293A659396}"
EndProject
Global
	GlobalSection(SolutionConfigurationPlatforms) = preSolution
		Debug|x64 = Debug|x64
		Debug|x86 = Debug|x86
		Release|x64 = Release|x64
		Release|x86 = Release|x86
	EndGlobalSection
	GlobalSection(ProjectConfigurationPlatforms) = postSolution
		{D229A3C9-6E0C-41AE-9BDC-A6293A659396}.Debug|x64.ActiveCfg = Debug|x64
		{D229A3C9-6E0C-41AE-9BDC-A6293A659396}.Debug|x64.Build.0 = Debug|x64
		{D229A3C9-6E0C-41AE-9BDC-A6293A659396}.Debug|x86.ActiveCfg = Debug|Win32
		{D229A3C9-6E0C-41AE-9BDC-A6293A659396}.Debug|x86.Build.0 = Debug|Win32
		{D229A3C9-6E0C-41AE-9BDC-A6293A659396}.Release|x64.ActiveCfg = Release|x64
		{D229A3C9-6E0C-41AE-9BDC-A6293A659396}.Release|x64.Build.0 = Release|x64
		{D229A3C9-6E0C-41AE-9BDC-A6293A659396}.Release|x86.ActiveCfg = Release|Win32
		{D229A3C9-6E0C-41AE-9BDC-A6293A659396}.Release|x86.Build.0 = Release|Win32
	EndGlobalSection
	GlobalSection(SolutionProperties) = preSolution
		HideSolutionNode = FALSE
	EndGlobalSection
	GlobalSection(ExtensibilityGlobals) = postSolution
		SolutionGuid = {AB64EF0D-4D0F-4818-8584-F28F18A2F8AF}
	EndGlobalSection
EndGlobal
